// !$*UTF8*$!
{
	archiveVersion = 1;
	classes = {
	};
	objectVersion = 50;
	objects = {

/* Begin PBXBuildFile section */
		9F3D87AB240D246D00641EB9 /* AppDelegate.swift in Sources */ = {isa = PBXBuildFile; fileRef = 9F3D87AA240D246D00641EB9 /* AppDelegate.swift */; };
		9F3D87AD240D246D00641EB9 /* SceneDelegate.swift in Sources */ = {isa = PBXBuildFile; fileRef = 9F3D87AC240D246D00641EB9 /* SceneDelegate.swift */; };
		9F3D87AF240D246D00641EB9 /* ViewController.swift in Sources */ = {isa = PBXBuildFile; fileRef = 9F3D87AE240D246D00641EB9 /* ViewController.swift */; };
		9F3D87B2240D246D00641EB9 /* Main.storyboard in Resources */ = {isa = PBXBuildFile; fileRef = 9F3D87B0240D246D00641EB9 /* Main.storyboard */; };
		9F3D87B4240D247400641EB9 /* Assets.xcassets in Resources */ = {isa = PBXBuildFile; fileRef = 9F3D87B3240D247400641EB9 /* Assets.xcassets */; };
		9F3D87B7240D247400641EB9 /* LaunchScreen.storyboard in Resources */ = {isa = PBXBuildFile; fileRef = 9F3D87B5240D247400641EB9 /* LaunchScreen.storyboard */; };
		9F3D87C2240D247500641EB9 /* PropertyAnimatorsTests.swift in Sources */ = {isa = PBXBuildFile; fileRef = 9F3D87C1240D247500641EB9 /* PropertyAnimatorsTests.swift */; };
		9F3D87CD240D247500641EB9 /* PropertyAnimatorsUITests.swift in Sources */ = {isa = PBXBuildFile; fileRef = 9F3D87CC240D247500641EB9 /* PropertyAnimatorsUITests.swift */; };
/* End PBXBuildFile section */

/* Begin PBXContainerItemProxy section */
		9F3D87BE240D247500641EB9 /* PBXContainerItemProxy */ = {
			isa = PBXContainerItemProxy;
			containerPortal = 9F3D879F240D246D00641EB9 /* Project object */;
			proxyType = 1;
			remoteGlobalIDString = 9F3D87A6240D246D00641EB9;
			remoteInfo = PropertyAnimators;
		};
		9F3D87C9240D247500641EB9 /* PBXContainerItemProxy */ = {
			isa = PBXContainerItemProxy;
			containerPortal = 9F3D879F240D246D00641EB9 /* Project object */;
			proxyType = 1;
			remoteGlobalIDString = 9F3D87A6240D246D00641EB9;
			remoteInfo = PropertyAnimators;
		};
/* End PBXContainerItemProxy section */

/* Begin PBXFileReference section */
		9F3D87A7240D246D00641EB9 /* PropertyAnimators.app */ = {isa = PBXFileReference; explicitFileType = wrapper.application; includeInIndex = 0; path = PropertyAnimators.app; sourceTree = BUILT_PRODUCTS_DIR; };
		9F3D87AA240D246D00641EB9 /* AppDelegate.swift */ = {isa = PBXFileReference; lastKnownFileType = sourcecode.swift; path = AppDelegate.swift; sourceTree = "<group>"; };
		9F3D87AC240D246D00641EB9 /* SceneDelegate.swift */ = {isa = PBXFileReference; lastKnownFileType = sourcecode.swift; path = SceneDelegate.swift; sourceTree = "<group>"; };
		9F3D87AE240D246D00641EB9 /* ViewController.swift */ = {isa = PBXFileReference; lastKnownFileType = sourcecode.swift; path = ViewController.swift; sourceTree = "<group>"; };
		9F3D87B1240D246D00641EB9 /* Base */ = {isa = PBXFileReference; lastKnownFileType = file.storyboard; name = Base; path = Base.lproj/Main.storyboard; sourceTree = "<group>"; };
		9F3D87B3240D247400641EB9 /* Assets.xcassets */ = {isa = PBXFileReference; lastKnownFileType = folder.assetcatalog; path = Assets.xcassets; sourceTree = "<group>"; };
		9F3D87B6240D247400641EB9 /* Base */ = {isa = PBXFileReference; lastKnownFileType = file.storyboard; name = Base; path = Base.lproj/LaunchScreen.storyboard; sourceTree = "<group>"; };
		9F3D87B8240D247400641EB9 /* Info.plist */ = {isa = PBXFileReference; lastKnownFileType = text.plist.xml; path = Info.plist; sourceTree = "<group>"; };
		9F3D87BD240D247500641EB9 /* PropertyAnimatorsTests.xctest */ = {isa = PBXFileReference; explicitFileType = wrapper.cfbundle; includeInIndex = 0; path = PropertyAnimatorsTests.xctest; sourceTree = BUILT_PRODUCTS_DIR; };
		9F3D87C1240D247500641EB9 /* PropertyAnimatorsTests.swift */ = {isa = PBXFileReference; lastKnownFileType = sourcecode.swift; path = PropertyAnimatorsTests.swift; sourceTree = "<group>"; };
		9F3D87C3240D247500641EB9 /* Info.plist */ = {isa = PBXFileReference; lastKnownFileType = text.plist.xml; path = Info.plist; sourceTree = "<group>"; };
		9F3D87C8240D247500641EB9 /* PropertyAnimatorsUITests.xctest */ = {isa = PBXFileReference; explicitFileType = wrapper.cfbundle; includeInIndex = 0; path = PropertyAnimatorsUITests.xctest; sourceTree = BUILT_PRODUCTS_DIR; };
		9F3D87CC240D247500641EB9 /* PropertyAnimatorsUITests.swift */ = {isa = PBXFileReference; lastKnownFileType = sourcecode.swift; path = PropertyAnimatorsUITests.swift; sourceTree = "<group>"; };
		9F3D87CE240D247500641EB9 /* Info.plist */ = {isa = PBXFileReference; lastKnownFileType = text.plist.xml; path = Info.plist; sourceTree = "<group>"; };
/* End PBXFileReference section */

/* Begin PBXFrameworksBuildPhase section */
		9F3D87A4240D246D00641EB9 /* Frameworks */ = {
			isa = PBXFrameworksBuildPhase;
			buildActionMask = 2147483647;
			files = (
			);
			runOnlyForDeploymentPostprocessing = 0;
		};
		9F3D87BA240D247500641EB9 /* Frameworks */ = {
			isa = PBXFrameworksBuildPhase;
			buildActionMask = 2147483647;
			files = (
			);
			runOnlyForDeploymentPostprocessing = 0;
		};
		9F3D87C5240D247500641EB9 /* Frameworks */ = {
			isa = PBXFrameworksBuildPhase;
			buildActionMask = 2147483647;
			files = (
			);
			runOnlyForDeploymentPostprocessing = 0;
		};
/* End PBXFrameworksBuildPhase section */

/* Begin PBXGroup section */
		9F3D879E240D246D00641EB9 = {
			isa = PBXGroup;
			children = (
				9F3D87A9240D246D00641EB9 /* PropertyAnimators */,
				9F3D87C0240D247500641EB9 /* PropertyAnimatorsTests */,
				9F3D87CB240D247500641EB9 /* PropertyAnimatorsUITests */,
				9F3D87A8240D246D00641EB9 /* Products */,
			);
			sourceTree = "<group>";
		};
		9F3D87A8240D246D00641EB9 /* Products */ = {
			isa = PBXGroup;
			children = (
				9F3D87A7240D246D00641EB9 /* PropertyAnimators.app */,
				9F3D87BD240D247500641EB9 /* PropertyAnimatorsTests.xctest */,
				9F3D87C8240D247500641EB9 /* PropertyAnimatorsUITests.xctest */,
			);
			name = Products;
			sourceTree = "<group>";
		};
		9F3D87A9240D246D00641EB9 /* PropertyAnimators */ = {
			isa = PBXGroup;
			children = (
				9F3D87AA240D246D00641EB9 /* AppDelegate.swift */,
				9F3D87AC240D246D00641EB9 /* SceneDelegate.swift */,
				9F3D87AE240D246D00641EB9 /* ViewController.swift */,
				9F3D87B0240D246D00641EB9 /* Main.storyboard */,
				9F3D87B3240D247400641EB9 /* Assets.xcassets */,
				9F3D87B5240D247400641EB9 /* LaunchScreen.storyboard */,
				9F3D87B8240D247400641EB9 /* Info.plist */,
			);
			path = PropertyAnimators;
			sourceTree = "<group>";
		};
		9F3D87C0240D247500641EB9 /* PropertyAnimatorsTests */ = {
			isa = PBXGroup;
			children = (
				9F3D87C1240D247500641EB9 /* PropertyAnimatorsTests.swift */,
				9F3D87C3240D247500641EB9 /* Info.plist */,
			);
			path = PropertyAnimatorsTests;
			sourceTree = "<group>";
		};
		9F3D87CB240D247500641EB9 /* PropertyAnimatorsUITests */ = {
			isa = PBXGroup;
			children = (
				9F3D87CC240D247500641EB9 /* PropertyAnimatorsUITests.swift */,
				9F3D87CE240D247500641EB9 /* Info.plist */,
			);
			path = PropertyAnimatorsUITests;
			sourceTree = "<group>";
		};
/* End PBXGroup section */

/* Begin PBXNativeTarget section */
		9F3D87A6240D246D00641EB9 /* PropertyAnimators */ = {
			isa = PBXNativeTarget;
			buildConfigurationList = 9F3D87D1240D247500641EB9 /* Build configuration list for PBXNativeTarget "PropertyAnimators" */;
			buildPhases = (
				9F3D87A3240D246D00641EB9 /* Sources */,
				9F3D87A4240D246D00641EB9 /* Frameworks */,
				9F3D87A5240D246D00641EB9 /* Resources */,
			);
			buildRules = (
			);
			dependencies = (
			);
			name = PropertyAnimators;
			productName = PropertyAnimators;
			productReference = 9F3D87A7240D246D00641EB9 /* PropertyAnimators.app */;
			productType = "com.apple.product-type.application";
		};
		9F3D87BC240D247500641EB9 /* PropertyAnimatorsTests */ = {
			isa = PBXNativeTarget;
			buildConfigurationList = 9F3D87D4240D247500641EB9 /* Build configuration list for PBXNativeTarget "PropertyAnimatorsTests" */;
			buildPhases = (
				9F3D87B9240D247500641EB9 /* Sources */,
				9F3D87BA240D247500641EB9 /* Frameworks */,
				9F3D87BB240D247500641EB9 /* Resources */,
			);
			buildRules = (
			);
			dependencies = (
				9F3D87BF240D247500641EB9 /* PBXTargetDependency */,
			);
			name = PropertyAnimatorsTests;
			productName = PropertyAnimatorsTests;
			productReference = 9F3D87BD240D247500641EB9 /* PropertyAnimatorsTests.xctest */;
			productType = "com.apple.product-type.bundle.unit-test";
		};
		9F3D87C7240D247500641EB9 /* PropertyAnimatorsUITests */ = {
			isa = PBXNativeTarget;
			buildConfigurationList = 9F3D87D7240D247500641EB9 /* Build configuration list for PBXNativeTarget "PropertyAnimatorsUITests" */;
			buildPhases = (
				9F3D87C4240D247500641EB9 /* Sources */,
				9F3D87C5240D247500641EB9 /* Frameworks */,
				9F3D87C6240D247500641EB9 /* Resources */,
			);
			buildRules = (
			);
			dependencies = (
				9F3D87CA240D247500641EB9 /* PBXTargetDependency */,
			);
			name = PropertyAnimatorsUITests;
			productName = PropertyAnimatorsUITests;
			productReference = 9F3D87C8240D247500641EB9 /* PropertyAnimatorsUITests.xctest */;
			productType = "com.apple.product-type.bundle.ui-testing";
		};
/* End PBXNativeTarget section */

/* Begin PBXProject section */
		9F3D879F240D246D00641EB9 /* Project object */ = {
			isa = PBXProject;
			attributes = {
				LastSwiftUpdateCheck = 1130;
				LastUpgradeCheck = 1130;
				ORGANIZATIONNAME = "Carlos Cordeiro";
				TargetAttributes = {
					9F3D87A6240D246D00641EB9 = {
						CreatedOnToolsVersion = 11.3.1;
					};
					9F3D87BC240D247500641EB9 = {
						CreatedOnToolsVersion = 11.3.1;
						TestTargetID = 9F3D87A6240D246D00641EB9;
					};
					9F3D87C7240D247500641EB9 = {
						CreatedOnToolsVersion = 11.3.1;
						TestTargetID = 9F3D87A6240D246D00641EB9;
					};
				};
			};
			buildConfigurationList = 9F3D87A2240D246D00641EB9 /* Build configuration list for PBXProject "PropertyAnimators" */;
			compatibilityVersion = "Xcode 9.3";
			developmentRegion = en;
			hasScannedForEncodings = 0;
			knownRegions = (
				en,
				Base,
			);
			mainGroup = 9F3D879E240D246D00641EB9;
			productRefGroup = 9F3D87A8240D246D00641EB9 /* Products */;
			projectDirPath = "";
			projectRoot = "";
			targets = (
				9F3D87A6240D246D00641EB9 /* PropertyAnimators */,
				9F3D87BC240D247500641EB9 /* PropertyAnimatorsTests */,
				9F3D87C7240D247500641EB9 /* PropertyAnimatorsUITests */,
			);
		};
/* End PBXProject section */

/* Begin PBXResourcesBuildPhase section */
		9F3D87A5240D246D00641EB9 /* Resources */ = {
			isa = PBXResourcesBuildPhase;
			buildActionMask = 2147483647;
			files = (
				9F3D87B7240D247400641EB9 /* LaunchScreen.storyboard in Resources */,
				9F3D87B4240D247400641EB9 /* Assets.xcassets in Resources */,
				9F3D87B2240D246D00641EB9 /* Main.storyboard in Resources */,
			);
			runOnlyForDeploymentPostprocessing = 0;
		};
		9F3D87BB240D247500641EB9 /* Resources */ = {
			isa = PBXResourcesBuildPhase;
			buildActionMask = 2147483647;
			files = (
			);
			runOnlyForDeploymentPostprocessing = 0;
		};
		9F3D87C6240D247500641EB9 /* Resources */ = {
			isa = PBXResourcesBuildPhase;
			buildActionMask = 2147483647;
			files = (
			);
			runOnlyForDeploymentPostprocessing = 0;
		};
/* End PBXResourcesBuildPhase section */

/* Begin PBXSourcesBuildPhase section */
		9F3D87A3240D246D00641EB9 /* Sources */ = {
			isa = PBXSourcesBuildPhase;
			buildActionMask = 2147483647;
			files = (
				9F3D87AF240D246D00641EB9 /* ViewController.swift in Sources */,
				9F3D87AB240D246D00641EB9 /* AppDelegate.swift in Sources */,
				9F3D87AD240D246D00641EB9 /* SceneDelegate.swift in Sources */,
			);
			runOnlyForDeploymentPostprocessing = 0;
		};
		9F3D87B9240D247500641EB9 /* Sources */ = {
			isa = PBXSourcesBuildPhase;
			buildActionMask = 2147483647;
			files = (
				9F3D87C2240D247500641EB9 /* PropertyAnimatorsTests.swift in Sources */,
			);
			runOnlyForDeploymentPostprocessing = 0;
		};
		9F3D87C4240D247500641EB9 /* Sources */ = {
			isa = PBXSourcesBuildPhase;
			buildActionMask = 2147483647;
			files = (
				9F3D87CD240D247500641EB9 /* PropertyAnimatorsUITests.swift in Sources */,
			);
			runOnlyForDeploymentPostprocessing = 0;
		};
/* End PBXSourcesBuildPhase section */

/* Begin PBXTargetDependency section */
		9F3D87BF240D247500641EB9 /* PBXTargetDependency */ = {
			isa = PBXTargetDependency;
			target = 9F3D87A6240D246D00641EB9 /* PropertyAnimators */;
			targetProxy = 9F3D87BE240D247500641EB9 /* PBXContainerItemProxy */;
		};
		9F3D87CA240D247500641EB9 /* PBXTargetDependency */ = {
			isa = PBXTargetDependency;
			target = 9F3D87A6240D246D00641EB9 /* PropertyAnimators */;
			targetProxy = 9F3D87C9240D247500641EB9 /* PBXContainerItemProxy */;
		};
/* End PBXTargetDependency section */

/* Begin PBXVariantGroup section */
		9F3D87B0240D246D00641EB9 /* Main.storyboard */ = {
			isa = PBXVariantGroup;
			children = (
				9F3D87B1240D246D00641EB9 /* Base */,
			);
			name = Main.storyboard;
			sourceTree = "<group>";
		};
		9F3D87B5240D247400641EB9 /* LaunchScreen.storyboard */ = {
			isa = PBXVariantGroup;
			children = (
				9F3D87B6240D247400641EB9 /* Base */,
			);
			name = LaunchScreen.storyboard;
			sourceTree = "<group>";
		};
/* End PBXVariantGroup section */

/* Begin XCBuildConfiguration section */
		9F3D87CF240D247500641EB9 /* Debug */ = {
			isa = XCBuildConfiguration;
			buildSettings = {
				ALWAYS_SEARCH_USER_PATHS = NO;
				CLANG_ANALYZER_NONNULL = YES;
				CLANG_ANALYZER_NUMBER_OBJECT_CONVERSION = YES_AGGRESSIVE;
				CLANG_CXX_LANGUAGE_STANDARD = "gnu++14";
				CLANG_CXX_LIBRARY = "libc++";
				CLANG_ENABLE_MODULES = YES;
				CLANG_ENABLE_OBJC_ARC = YES;
				CLANG_ENABLE_OBJC_WEAK = YES;
				CLANG_WARN_BLOCK_CAPTURE_AUTORELEASING = YES;
				CLANG_WARN_BOOL_CONVERSION = YES;
				CLANG_WARN_COMMA = YES;
				CLANG_WARN_CONSTANT_CONVERSION = YES;
				CLANG_WARN_DEPRECATED_OBJC_IMPLEMENTATIONS = YES;
				CLANG_WARN_DIRECT_OBJC_ISA_USAGE = YES_ERROR;
				CLANG_WARN_DOCUMENTATION_COMMENTS = YES;
				CLANG_WARN_EMPTY_BODY = YES;
				CLANG_WARN_ENUM_CONVERSION = YES;
				CLANG_WARN_INFINITE_RECURSION = YES;
				CLANG_WARN_INT_CONVERSION = YES;
				CLANG_WARN_NON_LITERAL_NULL_CONVERSION = YES;
				CLANG_WARN_OBJC_IMPLICIT_RETAIN_SELF = YES;
				CLANG_WARN_OBJC_LITERAL_CONVERSION = YES;
				CLANG_WARN_OBJC_ROOT_CLASS = YES_ERROR;
				CLANG_WARN_RANGE_LOOP_ANALYSIS = YES;
				CLANG_WARN_STRICT_PROTOTYPES = YES;
				CLANG_WARN_SUSPICIOUS_MOVE = YES;
				CLANG_WARN_UNGUARDED_AVAILABILITY = YES_AGGRESSIVE;
				CLANG_WARN_UNREACHABLE_CODE = YES;
				CLANG_WARN__DUPLICATE_METHOD_MATCH = YES;
				COPY_PHASE_STRIP = NO;
				DEBUG_INFORMATION_FORMAT = dwarf;
				ENABLE_STRICT_OBJC_MSGSEND = YES;
				ENABLE_TESTABILITY = YES;
				GCC_C_LANGUAGE_STANDARD = gnu11;
				GCC_DYNAMIC_NO_PIC = NO;
				GCC_NO_COMMON_BLOCKS = YES;
				GCC_OPTIMIZATION_LEVEL = 0;
				GCC_PREPROCESSOR_DEFINITIONS = (
					"DEBUG=1",
					"$(inherited)",
				);
				GCC_WARN_64_TO_32_BIT_CONVERSION = YES;
				GCC_WARN_ABOUT_RETURN_TYPE = YES_ERROR;
				GCC_WARN_UNDECLARED_SELECTOR = YES;
				GCC_WARN_UNINITIALIZED_AUTOS = YES_AGGRESSIVE;
				GCC_WARN_UNUSED_FUNCTION = YES;
				GCC_WARN_UNUSED_VARIABLE = YES;
				IPHONEOS_DEPLOYMENT_TARGET = 13.2;
				MTL_ENABLE_DEBUG_INFO = INCLUDE_SOURCE;
				MTL_FAST_MATH = YES;
				ONLY_ACTIVE_ARCH = YES;
				SDKROOT = iphoneos;
				SWIFT_ACTIVE_COMPILATION_CONDITIONS = DEBUG;
				SWIFT_OPTIMIZATION_LEVEL = "-Onone";
			};
			name = Debug;
		};
		9F3D87D0240D247500641EB9 /* Release */ = {
			isa = XCBuildConfiguration;
			buildSettings = {
				ALWAYS_SEARCH_USER_PATHS = NO;
				CLANG_ANALYZER_NONNULL = YES;
				CLANG_ANALYZER_NUMBER_OBJECT_CONVERSION = YES_AGGRESSIVE;
				CLANG_CXX_LANGUAGE_STANDARD = "gnu++14";
				CLANG_CXX_LIBRARY = "libc++";
				CLANG_ENABLE_MODULES = YES;
				CLANG_ENABLE_OBJC_ARC = YES;
				CLANG_ENABLE_OBJC_WEAK = YES;
				CLANG_WARN_BLOCK_CAPTURE_AUTORELEASING = YES;
				CLANG_WARN_BOOL_CONVERSION = YES;
				CLANG_WARN_COMMA = YES;
				CLANG_WARN_CONSTANT_CONVERSION = YES;
				CLANG_WARN_DEPRECATED_OBJC_IMPLEMENTATIONS = YES;
				CLANG_WARN_DIRECT_OBJC_ISA_USAGE = YES_ERROR;
				CLANG_WARN_DOCUMENTATION_COMMENTS = YES;
				CLANG_WARN_EMPTY_BODY = YES;
				CLANG_WARN_ENUM_CONVERSION = YES;
				CLANG_WARN_INFINITE_RECURSION = YES;
				CLANG_WARN_INT_CONVERSION = YES;
				CLANG_WARN_NON_LITERAL_NULL_CONVERSION = YES;
				CLANG_WARN_OBJC_IMPLICIT_RETAIN_SELF = YES;
				CLANG_WARN_OBJC_LITERAL_CONVERSION = YES;
				CLANG_WARN_OBJC_ROOT_CLASS = YES_ERROR;
				CLANG_WARN_RANGE_LOOP_ANALYSIS = YES;
				CLANG_WARN_STRICT_PROTOTYPES = YES;
				CLANG_WARN_SUSPICIOUS_MOVE = YES;
				CLANG_WARN_UNGUARDED_AVAILABILITY = YES_AGGRESSIVE;
				CLANG_WARN_UNREACHABLE_CODE = YES;
				CLANG_WARN__DUPLICATE_METHOD_MATCH = YES;
				COPY_PHASE_STRIP = NO;
				DEBUG_INFORMATION_FORMAT = "dwarf-with-dsym";
				ENABLE_NS_ASSERTIONS = NO;
				ENABLE_STRICT_OBJC_MSGSEND = YES;
				GCC_C_LANGUAGE_STANDARD = gnu11;
				GCC_NO_COMMON_BLOCKS = YES;
				GCC_WARN_64_TO_32_BIT_CONVERSION = YES;
				GCC_WARN_ABOUT_RETURN_TYPE = YES_ERROR;
				GCC_WARN_UNDECLARED_SELECTOR = YES;
				GCC_WARN_UNINITIALIZED_AUTOS = YES_AGGRESSIVE;
				GCC_WARN_UNUSED_FUNCTION = YES;
				GCC_WARN_UNUSED_VARIABLE = YES;
				IPHONEOS_DEPLOYMENT_TARGET = 13.2;
				MTL_ENABLE_DEBUG_INFO = NO;
				MTL_FAST_MATH = YES;
				SDKROOT = iphoneos;
				SWIFT_COMPILATION_MODE = wholemodule;
				SWIFT_OPTIMIZATION_LEVEL = "-O";
				VALIDATE_PRODUCT = YES;
			};
			name = Release;
		};
		9F3D87D2240D247500641EB9 /* Debug */ = {
			isa = XCBuildConfiguration;
			buildSettings = {
				ASSETCATALOG_COMPILER_APPICON_NAME = AppIcon;
				CODE_SIGN_STYLE = Automatic;
				DEVELOPMENT_TEAM = 9B73FVZ8L3;
				INFOPLIST_FILE = PropertyAnimators/Info.plist;
				LD_RUNPATH_SEARCH_PATHS = (
					"$(inherited)",
					"@executable_path/Frameworks",
				);
				PRODUCT_BUNDLE_IDENTIFIER = charlieLamb.PropertyAnimators;
				PRODUCT_NAME = "$(TARGET_NAME)";
				SWIFT_VERSION = 5.0;
				TARGETED_DEVICE_FAMILY = "1,2";
			};
			name = Debug;
		};
		9F3D87D3240D247500641EB9 /* Release */ = {
			isa = XCBuildConfiguration;
			buildSettings = {
				ASSETCATALOG_COMPILER_APPICON_NAME = AppIcon;
				CODE_SIGN_STYLE = Automatic;
				DEVELOPMENT_TEAM = 9B73FVZ8L3;
				INFOPLIST_FILE = PropertyAnimators/Info.plist;
				LD_RUNPATH_SEARCH_PATHS = (
					"$(inherited)",
					"@executable_path/Frameworks",
				);
				PRODUCT_BUNDLE_IDENTIFIER = charlieLamb.PropertyAnimators;
				PRODUCT_NAME = "$(TARGET_NAME)";
				SWIFT_VERSION = 5.0;
				TARGETED_DEVICE_FAMILY = "1,2";
			};
			name = Release;
		};
		9F3D87D5240D247500641EB9 /* Debug */ = {
			isa = XCBuildConfiguration;
			buildSettings = {
				ALWAYS_EMBED_SWIFT_STANDARD_LIBRARIES = YES;
				BUNDLE_LOADER = "$(TEST_HOST)";
				CODE_SIGN_STYLE = Automatic;
				DEVELOPMENT_TEAM = 9B73FVZ8L3;
				INFOPLIST_FILE = PropertyAnimatorsTests/Info.plist;
				IPHONEOS_DEPLOYMENT_TARGET = 13.2;
				LD_RUNPATH_SEARCH_PATHS = (
					"$(inherited)",
					"@executable_path/Frameworks",
					"@loader_path/Frameworks",
				);
				PRODUCT_BUNDLE_IDENTIFIER = charlieLamb.PropertyAnimatorsTests;
				PRODUCT_NAME = "$(TARGET_NAME)";
				SWIFT_VERSION = 5.0;
				TARGETED_DEVICE_FAMILY = "1,2";
				TEST_HOST = "$(BUILT_PRODUCTS_DIR)/PropertyAnimators.app/PropertyAnimators";
			};
			name = Debug;
		};
		9F3D87D6240D247500641EB9 /* Release */ = {
			isa = XCBuildConfiguration;
			buildSettings = {
				ALWAYS_EMBED_SWIFT_STANDARD_LIBRARIES = YES;
				BUNDLE_LOADER = "$(TEST_HOST)";
				CODE_SIGN_STYLE = Automatic;
				DEVELOPMENT_TEAM = 9B73FVZ8L3;
				INFOPLIST_FILE = PropertyAnimatorsTests/Info.plist;
				IPHONEOS_DEPLOYMENT_TARGET = 13.2;
				LD_RUNPATH_SEARCH_PATHS = (
					"$(inherited)",
					"@executable_path/Frameworks",
					"@loader_path/Frameworks",
				);
				PRODUCT_BUNDLE_IDENTIFIER = charlieLamb.PropertyAnimatorsTests;
				PRODUCT_NAME = "$(TARGET_NAME)";
				SWIFT_VERSION = 5.0;
				TARGETED_DEVICE_FAMILY = "1,2";
				TEST_HOST = "$(BUILT_PRODUCTS_DIR)/PropertyAnimators.app/PropertyAnimators";
			};
			name = Release;
		};
		9F3D87D8240D247500641EB9 /* Debug */ = {
			isa = XCBuildConfiguration;
			buildSettings = {
				ALWAYS_EMBED_SWIFT_STANDARD_LIBRARIES = YES;
				CODE_SIGN_STYLE = Automatic;
				DEVELOPMENT_TEAM = 9B73FVZ8L3;
				INFOPLIST_FILE = PropertyAnimatorsUITests/Info.plist;
				LD_RUNPATH_SEARCH_PATHS = (
					"$(inherited)",
					"@executable_path/Frameworks",
					"@loader_path/Frameworks",
				);
				PRODUCT_BUNDLE_IDENTIFIER = charlieLamb.PropertyAnimatorsUITests;
				PRODUCT_NAME = "$(TARGET_NAME)";
				SWIFT_VERSION = 5.0;
				TARGETED_DEVICE_FAMILY = "1,2";
				TEST_TARGET_NAME = PropertyAnimators;
			};
			name = Debug;
		};
		9F3D87D9240D247500641EB9 /* Release */ = {
			isa = XCBuildConfiguration;
			buildSettings = {
				ALWAYS_EMBED_SWIFT_STANDARD_LIBRARIES = YES;
				CODE_SIGN_STYLE = Automatic;
				DEVELOPMENT_TEAM = 9B73FVZ8L3;
				INFOPLIST_FILE = PropertyAnimatorsUITests/Info.plist;
				LD_RUNPATH_SEARCH_PATHS = (
					"$(inherited)",
					"@executable_path/Frameworks",
					"@loader_path/Frameworks",
				);
				PRODUCT_BUNDLE_IDENTIFIER = charlieLamb.PropertyAnimatorsUITests;
				PRODUCT_NAME = "$(TARGET_NAME)";
				SWIFT_VERSION = 5.0;
				TARGETED_DEVICE_FAMILY = "1,2";
				TEST_TARGET_NAME = PropertyAnimators;
			};
			name = Release;
		};
/* End XCBuildConfiguration section */

/* Begin XCConfigurationList section */
		9F3D87A2240D246D00641EB9 /* Build configuration list for PBXProject "PropertyAnimators" */ = {
			isa = XCConfigurationList;
			buildConfigurations = (
				9F3D87CF240D247500641EB9 /* Debug */,
				9F3D87D0240D247500641EB9 /* Release */,
			);
			defaultConfigurationIsVisible = 0;
			defaultConfigurationName = Release;
		};
		9F3D87D1240D247500641EB9 /* Build configuration list for PBXNativeTarget "PropertyAnimators" */ = {
			isa = XCConfigurationList;
			buildConfigurations = (
				9F3D87D2240D247500641EB9 /* Debug */,
				9F3D87D3240D247500641EB9 /* Release */,
			);
			defaultConfigurationIsVisible = 0;
			defaultConfigurationName = Release;
		};
		9F3D87D4240D247500641EB9 /* Build configuration list for PBXNativeTarget "PropertyAnimatorsTests" */ = {
			isa = XCConfigurationList;
			buildConfigurations = (
				9F3D87D5240D247500641EB9 /* Debug */,
				9F3D87D6240D247500641EB9 /* Release */,
			);
			defaultConfigurationIsVisible = 0;
			defaultConfigurationName = Release;
		};
		9F3D87D7240D247500641EB9 /* Build configuration list for PBXNativeTarget "PropertyAnimatorsUITests" */ = {
			isa = XCConfigurationList;
			buildConfigurations = (
				9F3D87D8240D247500641EB9 /* Debug */,
				9F3D87D9240D247500641EB9 /* Release */,
			);
			defaultConfigurationIsVisible = 0;
			defaultConfigurationName = Release;
		};
/* End XCConfigurationList section */
	};
	rootObject = 9F3D879F240D246D00641EB9 /* Project object */;
}
